
Microsoft Visual Studio Solution File, Format Version 12.00
# Visual Studio Version 16
VisualStudioVersion = 16.0.31220.234
MinimumVisualStudioVersion = 10.0.40219.1
Project("{FAE04EC0-301F-11D3-BF4B-00C04F79EFBC}") = "BlazorMiner.Server", "BlazorMiner\Server\BlazorMiner.Server.csproj", "{D2103A9F-616A-4691-AFDF-61D4935F36B7}"
EndProject
Project("{FAE04EC0-301F-11D3-BF4B-00C04F79EFBC}") = "BlazorMiner.Client", "BlazorMiner\Client\BlazorMiner.Client.csproj", "{74B7B1E2-D1B9-4966-8795-AB83CF63875D}"
EndProject
Project("{FAE04EC0-301F-11D3-BF4B-00C04F79EFBC}") = "BlazorMiner.Shared", "BlazorMiner\Shared\BlazorMiner.Shared.csproj", "{D10530DE-14DD-4EAD-8EF1-D80B50899CC3}"
EndProject
Global
	GlobalSection(SolutionConfigurationPlatforms) = preSolution
		Debug|Any CPU = Debug|Any CPU
		Release|Any CPU = Release|Any CPU
	EndGlobalSection
	GlobalSection(ProjectConfigurationPlatforms) = postSolution
		{D2103A9F-616A-4691-AFDF-61D4935F36B7}.Debug|Any CPU.ActiveCfg = Debug|Any CPU
		{D2103A9F-616A-4691-AFDF-61D4935F36B7}.Debug|Any CPU.Build.0 = Debug|Any CPU
		{D2103A9F-616A-4691-AFDF-61D4935F36B7}.Release|Any CPU.ActiveCfg = Release|Any CPU
		{D2103A9F-616A-4691-AFDF-61D4935F36B7}.Release|Any CPU.Build.0 = Release|Any CPU
		{74B7B1E2-D1B9-4966-8795-AB83CF63875D}.Debug|Any CPU.ActiveCfg = Debug|Any CPU
		{74B7B1E2-D1B9-4966-8795-AB83CF63875D}.Debug|Any CPU.Build.0 = Debug|Any CPU
		{74B7B1E2-D1B9-4966-8795-AB83CF63875D}.Release|Any CPU.ActiveCfg = Release|Any CPU
		{74B7B1E2-D1B9-4966-8795-AB83CF63875D}.Release|Any CPU.Build.0 = Release|Any CPU
		{D10530DE-14DD-4EAD-8EF1-D80B50899CC3}.Debug|Any CPU.ActiveCfg = Debug|Any CPU
		{D10530DE-14DD-4EAD-8EF1-D80B50899CC3}.Debug|Any CPU.Build.0 = Debug|Any CPU
		{D10530DE-14DD-4EAD-8EF1-D80B50899CC3}.Release|Any CPU.ActiveCfg = Release|Any CPU
		{D10530DE-14DD-4EAD-8EF1-D80B50899CC3}.Release|Any CPU.Build.0 = Release|Any CPU
	EndGlobalSection
	GlobalSection(SolutionProperties) = preSolution
		HideSolutionNode = FALSE
	EndGlobalSection
	GlobalSection(ExtensibilityGlobals) = postSolution
		SolutionGuid = {004B2FDB-44F5-4379-BA69-0136B87981EE}
	EndGlobalSection
EndGlobal
